
Microsoft Visual Studio Solution File, Format Version 12.00
# Visual Studio Version 17
VisualStudioVersion = 17.8.34309.116
MinimumVisualStudioVersion = 10.0.40219.1
Project("{9A19103F-16F7-4668-BE54-9A1E7A4F7556}") = "Core", "src\Core\Core.csproj", "{24512235-B25F-4D0E-9A3D-11D187E58DD5}"
EndProject
Project("{2150E333-8FDC-42A3-9474-1A3956D46DE8}") = "src", "src", "{E07F4E5B-A8F4-4D7B-A2E4-1C5961C4B1B3}"
EndProject
Project("{2150E333-8FDC-42A3-9474-1A3956D46DE8}") = "Solution Items", "Solution Items", "{270E83BF-C802-41A5-95B2-ADCFD64E52D5}"
EndProject
Project("{2150E333-8FDC-42A3-9474-1A3956D46DE8}") = ".github", ".github", "{4709FAD6-D76F-4BEB-A6DF-167B1E3D045F}"
EndProject
Project("{2150E333-8FDC-42A3-9474-1A3956D46DE8}") = "workflows", "workflows", "{4E7EB9A4-2B78-4CFC-8AAF-2C9F30F7887C}"
	ProjectSection(SolutionItems) = preProject
		.github\workflows\nuget.yml = .github\workflows\nuget.yml
	EndProjectSection
EndProject
Global
	GlobalSection(SolutionConfigurationPlatforms) = preSolution
		Debug|Any CPU = Debug|Any CPU
		Release|Any CPU = Release|Any CPU
	EndGlobalSection
	GlobalSection(ProjectConfigurationPlatforms) = postSolution
		{24512235-B25F-4D0E-9A3D-11D187E58DD5}.Debug|Any CPU.ActiveCfg = Debug|Any CPU
		{24512235-B25F-4D0E-9A3D-11D187E58DD5}.Debug|Any CPU.Build.0 = Debug|Any CPU
		{24512235-B25F-4D0E-9A3D-11D187E58DD5}.Release|Any CPU.ActiveCfg = Release|Any CPU
		{24512235-B25F-4D0E-9A3D-11D187E58DD5}.Release|Any CPU.Build.0 = Release|Any CPU
	EndGlobalSection
	GlobalSection(SolutionProperties) = preSolution
		HideSolutionNode = FALSE
	EndGlobalSection
	GlobalSection(NestedProjects) = preSolution
		{24512235-B25F-4D0E-9A3D-11D187E58DD5} = {E07F4E5B-A8F4-4D7B-A2E4-1C5961C4B1B3}
		{4709FAD6-D76F-4BEB-A6DF-167B1E3D045F} = {270E83BF-C802-41A5-95B2-ADCFD64E52D5}
		{4E7EB9A4-2B78-4CFC-8AAF-2C9F30F7887C} = {4709FAD6-D76F-4BEB-A6DF-167B1E3D045F}
	EndGlobalSection
	GlobalSection(ExtensibilityGlobals) = postSolution
		SolutionGuid = {7E78781B-85F4-45B8-BDEA-8EC0DFCFEABB}
	EndGlobalSection
EndGlobal
